
Microsoft Visual Studio Solution File, Format Version 12.00
# Visual Studio Version 17
VisualStudioVersion = 17.8.34511.84
MinimumVisualStudioVersion = 10.0.40219.1
Project("{FAE04EC0-301F-11D3-BF4B-00C04F79EFBC}") = "Week5PrattCastaneda", "Week5PrattCastaneda.csproj", "{8262EC77-9372-4D36-B783-172A5AD515C2}"
EndProject
Global
	GlobalSection(SolutionConfigurationPlatforms) = preSolution
		Debug|Any CPU = Debug|Any CPU
		Release|Any CPU = Release|Any CPU
	EndGlobalSection
	GlobalSection(ProjectConfigurationPlatforms) = postSolution
		{8262EC77-9372-4D36-B783-172A5AD515C2}.Debug|Any CPU.ActiveCfg = Debug|Any CPU
		{8262EC77-9372-4D36-B783-172A5AD515C2}.Debug|Any CPU.Build.0 = Debug|Any CPU
		{8262EC77-9372-4D36-B783-172A5AD515C2}.Release|Any CPU.ActiveCfg = Release|Any CPU
		{8262EC77-9372-4D36-B783-172A5AD515C2}.Release|Any CPU.Build.0 = Release|Any CPU
	EndGlobalSection
	GlobalSection(SolutionProperties) = preSolution
		HideSolutionNode = FALSE
	EndGlobalSection
	GlobalSection(ExtensibilityGlobals) = postSolution
		SolutionGuid = {7B4A707B-A47F-429D-9481-E462C8B08405}
	EndGlobalSection
EndGlobal
